
Microsoft Visual Studio Solution File, Format Version 12.00
# Visual Studio 15
VisualStudioVersion = 15.0.27004.2005
MinimumVisualStudioVersion = 10.0.40219.1
Project("{FAE04EC0-301F-11D3-BF4B-00C04F79EFBC}") = "MyGreetingApp", "MyGreetingApp.csproj", "{C510C1EC-0745-4D27-977B-F53105DCA322}"
EndProject
Project("{FAE04EC0-301F-11D3-BF4B-00C04F79EFBC}") = "MyGreetingApp.Business", "..\MyGreetingApp.Business\MyGreetingApp.Business.csproj", "{FC5B9343-6AEB-431C-8477-3B09F65E4C87}"
EndProject
Global
	GlobalSection(SolutionConfigurationPlatforms) = preSolution
		Debug|Any CPU = Debug|Any CPU
		Release|Any CPU = Release|Any CPU
	EndGlobalSection
	GlobalSection(ProjectConfigurationPlatforms) = postSolution
		{C510C1EC-0745-4D27-977B-F53105DCA322}.Debug|Any CPU.ActiveCfg = Debug|Any CPU
		{C510C1EC-0745-4D27-977B-F53105DCA322}.Debug|Any CPU.Build.0 = Debug|Any CPU
		{C510C1EC-0745-4D27-977B-F53105DCA322}.Release|Any CPU.ActiveCfg = Release|Any CPU
		{C510C1EC-0745-4D27-977B-F53105DCA322}.Release|Any CPU.Build.0 = Release|Any CPU
		{FC5B9343-6AEB-431C-8477-3B09F65E4C87}.Debug|Any CPU.ActiveCfg = Debug|Any CPU
		{FC5B9343-6AEB-431C-8477-3B09F65E4C87}.Debug|Any CPU.Build.0 = Debug|Any CPU
		{FC5B9343-6AEB-431C-8477-3B09F65E4C87}.Release|Any CPU.ActiveCfg = Release|Any CPU
		{FC5B9343-6AEB-431C-8477-3B09F65E4C87}.Release|Any CPU.Build.0 = Release|Any CPU
	EndGlobalSection
	GlobalSection(SolutionProperties) = preSolution
		HideSolutionNode = FALSE
	EndGlobalSection
	GlobalSection(ExtensibilityGlobals) = postSolution
		SolutionGuid = {9C0A3210-ADE6-4F4E-8B5C-20729719DF9F}
	EndGlobalSection
EndGlobal
